
Microsoft Visual Studio Solution File, Format Version 12.00
# Visual Studio 15
VisualStudioVersion = 15.0.28307.421
MinimumVisualStudioVersion = 10.0.40219.1
Project("{9A19103F-16F7-4668-BE54-9A1E7A4F7556}") = "PSql.Core", "PSql.Core\PSql.Core.csproj", "{107453D0-4728-4073-BC78-F1C8383C6975}"
EndProject
Project("{2150E333-8FDC-42A3-9474-1A3956D46DE8}") = "Solution Items", "Solution Items", "{F53AB2F9-1E5B-43C5-B380-31B7790FE21B}"
	ProjectSection(SolutionItems) = preProject
		.gitattributes = .gitattributes
		.gitignore = .gitignore
		CHANGES.md = CHANGES.md
		General.props = General.props
		LICENSE.txt = LICENSE.txt
		Make.ps1 = Make.ps1
		README.md = README.md
		Set-Version.ps1 = Set-Version.ps1
	EndProjectSection
EndProject
Global
	GlobalSection(SolutionConfigurationPlatforms) = preSolution
		Debug|Any CPU = Debug|Any CPU
		Release|Any CPU = Release|Any CPU
	EndGlobalSection
	GlobalSection(ProjectConfigurationPlatforms) = postSolution
		{107453D0-4728-4073-BC78-F1C8383C6975}.Debug|Any CPU.ActiveCfg = Debug|Any CPU
		{107453D0-4728-4073-BC78-F1C8383C6975}.Debug|Any CPU.Build.0 = Debug|Any CPU
		{107453D0-4728-4073-BC78-F1C8383C6975}.Release|Any CPU.ActiveCfg = Release|Any CPU
		{107453D0-4728-4073-BC78-F1C8383C6975}.Release|Any CPU.Build.0 = Release|Any CPU
	EndGlobalSection
	GlobalSection(SolutionProperties) = preSolution
		HideSolutionNode = FALSE
	EndGlobalSection
	GlobalSection(ExtensibilityGlobals) = postSolution
		SolutionGuid = {1D264D47-22F8-4EEC-BF16-43534B7AFF04}
	EndGlobalSection
EndGlobal
