
Microsoft Visual Studio Solution File, Format Version 12.00
# Visual Studio Version 16
VisualStudioVersion = 16.0.29215.179
MinimumVisualStudioVersion = 10.0.40219.1
Project("{9A19103F-16F7-4668-BE54-9A1E7A4F7556}") = ".root", ".root.targets", "{8BC2BA17-8948-4C72-AEBD-7CEF6E4E8B96}"
EndProject
Project("{9A19103F-16F7-4668-BE54-9A1E7A4F7556}") = "PSql", "PSql\PSql.csproj", "{107453D0-4728-4073-BC78-F1C8383C6975}"
EndProject
Project("{FAE04EC0-301F-11D3-BF4B-00C04F79EFBC}") = "PSql.Client", "PSql.Client\PSql.Client.csproj", "{195E5B60-8F88-4635-B2FF-8DE51EA41B0E}"
EndProject
Project("{9A19103F-16F7-4668-BE54-9A1E7A4F7556}") = "PSql.Tests", "PSql.Tests\PSql.Tests.csproj", "{38B3B33E-3BB2-46A6-90A5-496C910C4A9E}"
EndProject
Global
	GlobalSection(SolutionConfigurationPlatforms) = preSolution
		Debug|Any CPU = Debug|Any CPU
		Release|Any CPU = Release|Any CPU
	EndGlobalSection
	GlobalSection(ProjectConfigurationPlatforms) = postSolution
		{8BC2BA17-8948-4C72-AEBD-7CEF6E4E8B96}.Debug|Any CPU.ActiveCfg = Debug|Any CPU
		{8BC2BA17-8948-4C72-AEBD-7CEF6E4E8B96}.Debug|Any CPU.Build.0 = Debug|Any CPU
		{8BC2BA17-8948-4C72-AEBD-7CEF6E4E8B96}.Release|Any CPU.ActiveCfg = Release|Any CPU
		{8BC2BA17-8948-4C72-AEBD-7CEF6E4E8B96}.Release|Any CPU.Build.0 = Release|Any CPU
		{107453D0-4728-4073-BC78-F1C8383C6975}.Debug|Any CPU.ActiveCfg = Debug|Any CPU
		{107453D0-4728-4073-BC78-F1C8383C6975}.Debug|Any CPU.Build.0 = Debug|Any CPU
		{107453D0-4728-4073-BC78-F1C8383C6975}.Release|Any CPU.ActiveCfg = Release|Any CPU
		{107453D0-4728-4073-BC78-F1C8383C6975}.Release|Any CPU.Build.0 = Release|Any CPU
		{195E5B60-8F88-4635-B2FF-8DE51EA41B0E}.Debug|Any CPU.ActiveCfg = Debug|Any CPU
		{195E5B60-8F88-4635-B2FF-8DE51EA41B0E}.Debug|Any CPU.Build.0 = Debug|Any CPU
		{195E5B60-8F88-4635-B2FF-8DE51EA41B0E}.Release|Any CPU.ActiveCfg = Release|Any CPU
		{195E5B60-8F88-4635-B2FF-8DE51EA41B0E}.Release|Any CPU.Build.0 = Release|Any CPU
		{38B3B33E-3BB2-46A6-90A5-496C910C4A9E}.Debug|Any CPU.ActiveCfg = Debug|Any CPU
		{38B3B33E-3BB2-46A6-90A5-496C910C4A9E}.Debug|Any CPU.Build.0 = Debug|Any CPU
		{38B3B33E-3BB2-46A6-90A5-496C910C4A9E}.Release|Any CPU.ActiveCfg = Release|Any CPU
		{38B3B33E-3BB2-46A6-90A5-496C910C4A9E}.Release|Any CPU.Build.0 = Release|Any CPU
	EndGlobalSection
	GlobalSection(SolutionProperties) = preSolution
		HideSolutionNode = FALSE
	EndGlobalSection
	GlobalSection(ExtensibilityGlobals) = postSolution
		SolutionGuid = {1D264D47-22F8-4EEC-BF16-43534B7AFF04}
	EndGlobalSection
EndGlobal
